// !$*UTF8*$!
{
	archiveVersion = 1;
	classes = {
	};
	objectVersion = 50;
	objects = {

/* Begin PBXBuildFile section */
		C6BCA78823D764C6004C51A5 /* AppDelegate.swift in Sources */ = {isa = PBXBuildFile; fileRef = C6BCA78723D764C6004C51A5 /* AppDelegate.swift */; };
		C6BCA78A23D764C6004C51A5 /* SceneDelegate.swift in Sources */ = {isa = PBXBuildFile; fileRef = C6BCA78923D764C6004C51A5 /* SceneDelegate.swift */; };
		C6BCA78C23D764C6004C51A5 /* HomeScreen.swift in Sources */ = {isa = PBXBuildFile; fileRef = C6BCA78B23D764C6004C51A5 /* HomeScreen.swift */; };
		C6BCA78F23D764C6004C51A5 /* Main.storyboard in Resources */ = {isa = PBXBuildFile; fileRef = C6BCA78D23D764C6004C51A5 /* Main.storyboard */; };
		C6BCA79123D764C8004C51A5 /* Assets.xcassets in Resources */ = {isa = PBXBuildFile; fileRef = C6BCA79023D764C8004C51A5 /* Assets.xcassets */; };
		C6BCA79423D764C8004C51A5 /* LaunchScreen.storyboard in Resources */ = {isa = PBXBuildFile; fileRef = C6BCA79223D764C8004C51A5 /* LaunchScreen.storyboard */; };
		C6BCA79C23D7655E004C51A5 /* Country.swift in Sources */ = {isa = PBXBuildFile; fileRef = C6BCA79B23D7655E004C51A5 /* Country.swift */; };
		C6BCA7AB23D7809D004C51A5 /* UIImageView+Ext.swift in Sources */ = {isa = PBXBuildFile; fileRef = C6BCA7AA23D7809D004C51A5 /* UIImageView+Ext.swift */; };
		C6BCA7AD23D78DF2004C51A5 /* DetailScreen.swift in Sources */ = {isa = PBXBuildFile; fileRef = C6BCA7AC23D78DF2004C51A5 /* DetailScreen.swift */; };
/* End PBXBuildFile section */

/* Begin PBXFileReference section */
		C6BCA78423D764C6004C51A5 /* Country Facts.app */ = {isa = PBXFileReference; explicitFileType = wrapper.application; includeInIndex = 0; path = "Country Facts.app"; sourceTree = BUILT_PRODUCTS_DIR; };
		C6BCA78723D764C6004C51A5 /* AppDelegate.swift */ = {isa = PBXFileReference; lastKnownFileType = sourcecode.swift; path = AppDelegate.swift; sourceTree = "<group>"; };
		C6BCA78923D764C6004C51A5 /* SceneDelegate.swift */ = {isa = PBXFileReference; lastKnownFileType = sourcecode.swift; path = SceneDelegate.swift; sourceTree = "<group>"; };
		C6BCA78B23D764C6004C51A5 /* HomeScreen.swift */ = {isa = PBXFileReference; lastKnownFileType = sourcecode.swift; path = HomeScreen.swift; sourceTree = "<group>"; };
		C6BCA78E23D764C6004C51A5 /* Base */ = {isa = PBXFileReference; lastKnownFileType = file.storyboard; name = Base; path = Base.lproj/Main.storyboard; sourceTree = "<group>"; };
		C6BCA79023D764C8004C51A5 /* Assets.xcassets */ = {isa = PBXFileReference; lastKnownFileType = folder.assetcatalog; path = Assets.xcassets; sourceTree = "<group>"; };
		C6BCA79323D764C8004C51A5 /* Base */ = {isa = PBXFileReference; lastKnownFileType = file.storyboard; name = Base; path = Base.lproj/LaunchScreen.storyboard; sourceTree = "<group>"; };
		C6BCA79523D764C8004C51A5 /* Info.plist */ = {isa = PBXFileReference; lastKnownFileType = text.plist.xml; path = Info.plist; sourceTree = "<group>"; };
		C6BCA79B23D7655E004C51A5 /* Country.swift */ = {isa = PBXFileReference; lastKnownFileType = sourcecode.swift; path = Country.swift; sourceTree = "<group>"; };
		C6BCA7AA23D7809D004C51A5 /* UIImageView+Ext.swift */ = {isa = PBXFileReference; lastKnownFileType = sourcecode.swift; path = "UIImageView+Ext.swift"; sourceTree = "<group>"; };
		C6BCA7AC23D78DF2004C51A5 /* DetailScreen.swift */ = {isa = PBXFileReference; lastKnownFileType = sourcecode.swift; path = DetailScreen.swift; sourceTree = "<group>"; };
/* End PBXFileReference section */

/* Begin PBXFrameworksBuildPhase section */
		C6BCA78123D764C6004C51A5 /* Frameworks */ = {
			isa = PBXFrameworksBuildPhase;
			buildActionMask = 2147483647;
			files = (
			);
			runOnlyForDeploymentPostprocessing = 0;
		};
/* End PBXFrameworksBuildPhase section */

/* Begin PBXGroup section */
		C6BCA77B23D764C6004C51A5 = {
			isa = PBXGroup;
			children = (
				C6BCA78623D764C6004C51A5 /* Country Facts */,
				C6BCA78523D764C6004C51A5 /* Products */,
			);
			sourceTree = "<group>";
		};
		C6BCA78523D764C6004C51A5 /* Products */ = {
			isa = PBXGroup;
			children = (
				C6BCA78423D764C6004C51A5 /* Country Facts.app */,
			);
			name = Products;
			sourceTree = "<group>";
		};
		C6BCA78623D764C6004C51A5 /* Country Facts */ = {
			isa = PBXGroup;
			children = (
				C6BCA79F23D76600004C51A5 /* Models */,
				C6BCA79E23D765F8004C51A5 /* Screens */,
				C6BCA79D23D765F2004C51A5 /* Storyboards */,
				C6BCA7A823D78082004C51A5 /* Utilities */,
				C6BCA78723D764C6004C51A5 /* AppDelegate.swift */,
				C6BCA79023D764C8004C51A5 /* Assets.xcassets */,
				C6BCA79523D764C8004C51A5 /* Info.plist */,
				C6BCA79223D764C8004C51A5 /* LaunchScreen.storyboard */,
				C6BCA78923D764C6004C51A5 /* SceneDelegate.swift */,
			);
			path = "Country Facts";
			sourceTree = "<group>";
		};
		C6BCA79D23D765F2004C51A5 /* Storyboards */ = {
			isa = PBXGroup;
			children = (
				C6BCA78D23D764C6004C51A5 /* Main.storyboard */,
			);
			path = Storyboards;
			sourceTree = "<group>";
		};
		C6BCA79E23D765F8004C51A5 /* Screens */ = {
			isa = PBXGroup;
			children = (
				C6BCA78B23D764C6004C51A5 /* HomeScreen.swift */,
				C6BCA7AC23D78DF2004C51A5 /* DetailScreen.swift */,
			);
			path = Screens;
			sourceTree = "<group>";
		};
		C6BCA79F23D76600004C51A5 /* Models */ = {
			isa = PBXGroup;
			children = (
				C6BCA79B23D7655E004C51A5 /* Country.swift */,
			);
			path = Models;
			sourceTree = "<group>";
		};
		C6BCA7A823D78082004C51A5 /* Utilities */ = {
			isa = PBXGroup;
			children = (
				C6BCA7A923D78091004C51A5 /* Extensions */,
			);
			path = Utilities;
			sourceTree = "<group>";
		};
		C6BCA7A923D78091004C51A5 /* Extensions */ = {
			isa = PBXGroup;
			children = (
				C6BCA7AA23D7809D004C51A5 /* UIImageView+Ext.swift */,
			);
			path = Extensions;
			sourceTree = "<group>";
		};
/* End PBXGroup section */

/* Begin PBXNativeTarget section */
		C6BCA78323D764C6004C51A5 /* Country Facts */ = {
			isa = PBXNativeTarget;
			buildConfigurationList = C6BCA79823D764C8004C51A5 /* Build configuration list for PBXNativeTarget "Country Facts" */;
			buildPhases = (
				C6BCA78023D764C6004C51A5 /* Sources */,
				C6BCA78123D764C6004C51A5 /* Frameworks */,
				C6BCA78223D764C6004C51A5 /* Resources */,
			);
			buildRules = (
			);
			dependencies = (
			);
			name = "Country Facts";
			productName = "Country Facts";
			productReference = C6BCA78423D764C6004C51A5 /* Country Facts.app */;
			productType = "com.apple.product-type.application";
		};
/* End PBXNativeTarget section */

/* Begin PBXProject section */
		C6BCA77C23D764C6004C51A5 /* Project object */ = {
			isa = PBXProject;
			attributes = {
				LastSwiftUpdateCheck = 1130;
				LastUpgradeCheck = 1130;
				ORGANIZATIONNAME = "Jerry Turcios";
				TargetAttributes = {
					C6BCA78323D764C6004C51A5 = {
						CreatedOnToolsVersion = 11.3.1;
					};
				};
			};
			buildConfigurationList = C6BCA77F23D764C6004C51A5 /* Build configuration list for PBXProject "Country Facts" */;
			compatibilityVersion = "Xcode 9.3";
			developmentRegion = en;
			hasScannedForEncodings = 0;
			knownRegions = (
				en,
				Base,
			);
			mainGroup = C6BCA77B23D764C6004C51A5;
			productRefGroup = C6BCA78523D764C6004C51A5 /* Products */;
			projectDirPath = "";
			projectRoot = "";
			targets = (
				C6BCA78323D764C6004C51A5 /* Country Facts */,
			);
		};
/* End PBXProject section */

/* Begin PBXResourcesBuildPhase section */
		C6BCA78223D764C6004C51A5 /* Resources */ = {
			isa = PBXResourcesBuildPhase;
			buildActionMask = 2147483647;
			files = (
				C6BCA79423D764C8004C51A5 /* LaunchScreen.storyboard in Resources */,
				C6BCA79123D764C8004C51A5 /* Assets.xcassets in Resources */,
				C6BCA78F23D764C6004C51A5 /* Main.storyboard in Resources */,
			);
			runOnlyForDeploymentPostprocessing = 0;
		};
/* End PBXResourcesBuildPhase section */

/* Begin PBXSourcesBuildPhase section */
		C6BCA78023D764C6004C51A5 /* Sources */ = {
			isa = PBXSourcesBuildPhase;
			buildActionMask = 2147483647;
			files = (
				C6BCA79C23D7655E004C51A5 /* Country.swift in Sources */,
				C6BCA78C23D764C6004C51A5 /* HomeScreen.swift in Sources */,
				C6BCA78823D764C6004C51A5 /* AppDelegate.swift in Sources */,
				C6BCA78A23D764C6004C51A5 /* SceneDelegate.swift in Sources */,
				C6BCA7AD23D78DF2004C51A5 /* DetailScreen.swift in Sources */,
				C6BCA7AB23D7809D004C51A5 /* UIImageView+Ext.swift in Sources */,
			);
			runOnlyForDeploymentPostprocessing = 0;
		};
/* End PBXSourcesBuildPhase section */

/* Begin PBXVariantGroup section */
		C6BCA78D23D764C6004C51A5 /* Main.storyboard */ = {
			isa = PBXVariantGroup;
			children = (
				C6BCA78E23D764C6004C51A5 /* Base */,
			);
			name = Main.storyboard;
			sourceTree = "<group>";
		};
		C6BCA79223D764C8004C51A5 /* LaunchScreen.storyboard */ = {
			isa = PBXVariantGroup;
			children = (
				C6BCA79323D764C8004C51A5 /* Base */,
			);
			name = LaunchScreen.storyboard;
			sourceTree = "<group>";
		};
/* End PBXVariantGroup section */

/* Begin XCBuildConfiguration section */
		C6BCA79623D764C8004C51A5 /* Debug */ = {
			isa = XCBuildConfiguration;
			buildSettings = {
				ALWAYS_SEARCH_USER_PATHS = NO;
				CLANG_ANALYZER_NONNULL = YES;
				CLANG_ANALYZER_NUMBER_OBJECT_CONVERSION = YES_AGGRESSIVE;
				CLANG_CXX_LANGUAGE_STANDARD = "gnu++14";
				CLANG_CXX_LIBRARY = "libc++";
				CLANG_ENABLE_MODULES = YES;
				CLANG_ENABLE_OBJC_ARC = YES;
				CLANG_ENABLE_OBJC_WEAK = YES;
				CLANG_WARN_BLOCK_CAPTURE_AUTORELEASING = YES;
				CLANG_WARN_BOOL_CONVERSION = YES;
				CLANG_WARN_COMMA = YES;
				CLANG_WARN_CONSTANT_CONVERSION = YES;
				CLANG_WARN_DEPRECATED_OBJC_IMPLEMENTATIONS = YES;
				CLANG_WARN_DIRECT_OBJC_ISA_USAGE = YES_ERROR;
				CLANG_WARN_DOCUMENTATION_COMMENTS = YES;
				CLANG_WARN_EMPTY_BODY = YES;
				CLANG_WARN_ENUM_CONVERSION = YES;
				CLANG_WARN_INFINITE_RECURSION = YES;
				CLANG_WARN_INT_CONVERSION = YES;
				CLANG_WARN_NON_LITERAL_NULL_CONVERSION = YES;
				CLANG_WARN_OBJC_IMPLICIT_RETAIN_SELF = YES;
				CLANG_WARN_OBJC_LITERAL_CONVERSION = YES;
				CLANG_WARN_OBJC_ROOT_CLASS = YES_ERROR;
				CLANG_WARN_RANGE_LOOP_ANALYSIS = YES;
				CLANG_WARN_STRICT_PROTOTYPES = YES;
				CLANG_WARN_SUSPICIOUS_MOVE = YES;
				CLANG_WARN_UNGUARDED_AVAILABILITY = YES_AGGRESSIVE;
				CLANG_WARN_UNREACHABLE_CODE = YES;
				CLANG_WARN__DUPLICATE_METHOD_MATCH = YES;
				COPY_PHASE_STRIP = NO;
				DEBUG_INFORMATION_FORMAT = dwarf;
				ENABLE_STRICT_OBJC_MSGSEND = YES;
				ENABLE_TESTABILITY = YES;
				GCC_C_LANGUAGE_STANDARD = gnu11;
				GCC_DYNAMIC_NO_PIC = NO;
				GCC_NO_COMMON_BLOCKS = YES;
				GCC_OPTIMIZATION_LEVEL = 0;
				GCC_PREPROCESSOR_DEFINITIONS = (
					"DEBUG=1",
					"$(inherited)",
				);
				GCC_WARN_64_TO_32_BIT_CONVERSION = YES;
				GCC_WARN_ABOUT_RETURN_TYPE = YES_ERROR;
				GCC_WARN_UNDECLARED_SELECTOR = YES;
				GCC_WARN_UNINITIALIZED_AUTOS = YES_AGGRESSIVE;
				GCC_WARN_UNUSED_FUNCTION = YES;
				GCC_WARN_UNUSED_VARIABLE = YES;
				IPHONEOS_DEPLOYMENT_TARGET = 13.2;
				MTL_ENABLE_DEBUG_INFO = INCLUDE_SOURCE;
				MTL_FAST_MATH = YES;
				ONLY_ACTIVE_ARCH = YES;
				SDKROOT = iphoneos;
				SWIFT_ACTIVE_COMPILATION_CONDITIONS = DEBUG;
				SWIFT_OPTIMIZATION_LEVEL = "-Onone";
			};
			name = Debug;
		};
		C6BCA79723D764C8004C51A5 /* Release */ = {
			isa = XCBuildConfiguration;
			buildSettings = {
				ALWAYS_SEARCH_USER_PATHS = NO;
				CLANG_ANALYZER_NONNULL = YES;
				CLANG_ANALYZER_NUMBER_OBJECT_CONVERSION = YES_AGGRESSIVE;
				CLANG_CXX_LANGUAGE_STANDARD = "gnu++14";
				CLANG_CXX_LIBRARY = "libc++";
				CLANG_ENABLE_MODULES = YES;
				CLANG_ENABLE_OBJC_ARC = YES;
				CLANG_ENABLE_OBJC_WEAK = YES;
				CLANG_WARN_BLOCK_CAPTURE_AUTORELEASING = YES;
				CLANG_WARN_BOOL_CONVERSION = YES;
				CLANG_WARN_COMMA = YES;
				CLANG_WARN_CONSTANT_CONVERSION = YES;
				CLANG_WARN_DEPRECATED_OBJC_IMPLEMENTATIONS = YES;
				CLANG_WARN_DIRECT_OBJC_ISA_USAGE = YES_ERROR;
				CLANG_WARN_DOCUMENTATION_COMMENTS = YES;
				CLANG_WARN_EMPTY_BODY = YES;
				CLANG_WARN_ENUM_CONVERSION = YES;
				CLANG_WARN_INFINITE_RECURSION = YES;
				CLANG_WARN_INT_CONVERSION = YES;
				CLANG_WARN_NON_LITERAL_NULL_CONVERSION = YES;
				CLANG_WARN_OBJC_IMPLICIT_RETAIN_SELF = YES;
				CLANG_WARN_OBJC_LITERAL_CONVERSION = YES;
				CLANG_WARN_OBJC_ROOT_CLASS = YES_ERROR;
				CLANG_WARN_RANGE_LOOP_ANALYSIS = YES;
				CLANG_WARN_STRICT_PROTOTYPES = YES;
				CLANG_WARN_SUSPICIOUS_MOVE = YES;
				CLANG_WARN_UNGUARDED_AVAILABILITY = YES_AGGRESSIVE;
				CLANG_WARN_UNREACHABLE_CODE = YES;
				CLANG_WARN__DUPLICATE_METHOD_MATCH = YES;
				COPY_PHASE_STRIP = NO;
				DEBUG_INFORMATION_FORMAT = "dwarf-with-dsym";
				ENABLE_NS_ASSERTIONS = NO;
				ENABLE_STRICT_OBJC_MSGSEND = YES;
				GCC_C_LANGUAGE_STANDARD = gnu11;
				GCC_NO_COMMON_BLOCKS = YES;
				GCC_WARN_64_TO_32_BIT_CONVERSION = YES;
				GCC_WARN_ABOUT_RETURN_TYPE = YES_ERROR;
				GCC_WARN_UNDECLARED_SELECTOR = YES;
				GCC_WARN_UNINITIALIZED_AUTOS = YES_AGGRESSIVE;
				GCC_WARN_UNUSED_FUNCTION = YES;
				GCC_WARN_UNUSED_VARIABLE = YES;
				IPHONEOS_DEPLOYMENT_TARGET = 13.2;
				MTL_ENABLE_DEBUG_INFO = NO;
				MTL_FAST_MATH = YES;
				SDKROOT = iphoneos;
				SWIFT_COMPILATION_MODE = wholemodule;
				SWIFT_OPTIMIZATION_LEVEL = "-O";
				VALIDATE_PRODUCT = YES;
			};
			name = Release;
		};
		C6BCA79923D764C8004C51A5 /* Debug */ = {
			isa = XCBuildConfiguration;
			buildSettings = {
				ASSETCATALOG_COMPILER_APPICON_NAME = AppIcon;
				CODE_SIGN_STYLE = Automatic;
				DEVELOPMENT_TEAM = DU8BZ7Q774;
				INFOPLIST_FILE = "Country Facts/Info.plist";
				LD_RUNPATH_SEARCH_PATHS = (
					"$(inherited)",
					"@executable_path/Frameworks",
				);
				PRODUCT_BUNDLE_IDENTIFIER = "com.JerryTurcios.Country-Facts";
				PRODUCT_NAME = "$(TARGET_NAME)";
				SWIFT_VERSION = 5.0;
				TARGETED_DEVICE_FAMILY = "1,2";
			};
			name = Debug;
		};
		C6BCA79A23D764C8004C51A5 /* Release */ = {
			isa = XCBuildConfiguration;
			buildSettings = {
				ASSETCATALOG_COMPILER_APPICON_NAME = AppIcon;
				CODE_SIGN_STYLE = Automatic;
				DEVELOPMENT_TEAM = DU8BZ7Q774;
				INFOPLIST_FILE = "Country Facts/Info.plist";
				LD_RUNPATH_SEARCH_PATHS = (
					"$(inherited)",
					"@executable_path/Frameworks",
				);
				PRODUCT_BUNDLE_IDENTIFIER = "com.JerryTurcios.Country-Facts";
				PRODUCT_NAME = "$(TARGET_NAME)";
				SWIFT_VERSION = 5.0;
				TARGETED_DEVICE_FAMILY = "1,2";
			};
			name = Release;
		};
/* End XCBuildConfiguration section */

/* Begin XCConfigurationList section */
		C6BCA77F23D764C6004C51A5 /* Build configuration list for PBXProject "Country Facts" */ = {
			isa = XCConfigurationList;
			buildConfigurations = (
				C6BCA79623D764C8004C51A5 /* Debug */,
				C6BCA79723D764C8004C51A5 /* Release */,
			);
			defaultConfigurationIsVisible = 0;
			defaultConfigurationName = Release;
		};
		C6BCA79823D764C8004C51A5 /* Build configuration list for PBXNativeTarget "Country Facts" */ = {
			isa = XCConfigurationList;
			buildConfigurations = (
				C6BCA79923D764C8004C51A5 /* Debug */,
				C6BCA79A23D764C8004C51A5 /* Release */,
			);
			defaultConfigurationIsVisible = 0;
			defaultConfigurationName = Release;
		};
/* End XCConfigurationList section */
	};
	rootObject = C6BCA77C23D764C6004C51A5 /* Project object */;
}
